// !$*UTF8*$!
{
	archiveVersion = 1;
	classes = {
	};
	objectVersion = 46;
	objects = {

/* Begin PBXBuildFile section */
		84B04AC61A70C5F90094C96C /* main.m in Sources */ = {isa = PBXBuildFile; fileRef = 84B04AC51A70C5F90094C96C /* main.m */; };
		84B04AC91A70C5F90094C96C /* AppDelegate.m in Sources */ = {isa = PBXBuildFile; fileRef = 84B04AC81A70C5F90094C96C /* AppDelegate.m */; };
		84B04ACC1A70C5F90094C96C /* ViewController.m in Sources */ = {isa = PBXBuildFile; fileRef = 84B04ACB1A70C5F90094C96C /* ViewController.m */; };
		84B04ACF1A70C5F90094C96C /* Main.storyboard in Resources */ = {isa = PBXBuildFile; fileRef = 84B04ACD1A70C5F90094C96C /* Main.storyboard */; };
		84B04AD11A70C5F90094C96C /* Images.xcassets in Resources */ = {isa = PBXBuildFile; fileRef = 84B04AD01A70C5F90094C96C /* Images.xcassets */; };
		84B04AD41A70C5F90094C96C /* LaunchScreen.xib in Resources */ = {isa = PBXBuildFile; fileRef = 84B04AD21A70C5F90094C96C /* LaunchScreen.xib */; };
		84B04AE01A70C5F90094C96C /* colorsTests.m in Sources */ = {isa = PBXBuildFile; fileRef = 84B04ADF1A70C5F90094C96C /* colorsTests.m */; };
/* End PBXBuildFile section */

/* Begin PBXContainerItemProxy section */
		84B04ADA1A70C5F90094C96C /* PBXContainerItemProxy */ = {
			isa = PBXContainerItemProxy;
			containerPortal = 84B04AB81A70C5F90094C96C /* Project object */;
			proxyType = 1;
			remoteGlobalIDString = 84B04ABF1A70C5F90094C96C;
			remoteInfo = colors;
		};
/* End PBXContainerItemProxy section */

/* Begin PBXFileReference section */
		84B04AC01A70C5F90094C96C /* colors.app */ = {isa = PBXFileReference; explicitFileType = wrapper.application; includeInIndex = 0; path = colors.app; sourceTree = BUILT_PRODUCTS_DIR; };
		84B04AC41A70C5F90094C96C /* Info.plist */ = {isa = PBXFileReference; lastKnownFileType = text.plist.xml; path = Info.plist; sourceTree = "<group>"; };
		84B04AC51A70C5F90094C96C /* main.m */ = {isa = PBXFileReference; lastKnownFileType = sourcecode.c.objc; path = main.m; sourceTree = "<group>"; };
		84B04AC71A70C5F90094C96C /* AppDelegate.h */ = {isa = PBXFileReference; lastKnownFileType = sourcecode.c.h; path = AppDelegate.h; sourceTree = "<group>"; };
		84B04AC81A70C5F90094C96C /* AppDelegate.m */ = {isa = PBXFileReference; lastKnownFileType = sourcecode.c.objc; path = AppDelegate.m; sourceTree = "<group>"; };
		84B04ACA1A70C5F90094C96C /* ViewController.h */ = {isa = PBXFileReference; lastKnownFileType = sourcecode.c.h; path = ViewController.h; sourceTree = "<group>"; };
		84B04ACB1A70C5F90094C96C /* ViewController.m */ = {isa = PBXFileReference; lastKnownFileType = sourcecode.c.objc; path = ViewController.m; sourceTree = "<group>"; };
		84B04ACE1A70C5F90094C96C /* Base */ = {isa = PBXFileReference; lastKnownFileType = file.storyboard; name = Base; path = Base.lproj/Main.storyboard; sourceTree = "<group>"; };
		84B04AD01A70C5F90094C96C /* Images.xcassets */ = {isa = PBXFileReference; lastKnownFileType = folder.assetcatalog; path = Images.xcassets; sourceTree = "<group>"; };
		84B04AD31A70C5F90094C96C /* Base */ = {isa = PBXFileReference; lastKnownFileType = file.xib; name = Base; path = Base.lproj/LaunchScreen.xib; sourceTree = "<group>"; };
		84B04AD91A70C5F90094C96C /* colorsTests.xctest */ = {isa = PBXFileReference; explicitFileType = wrapper.cfbundle; includeInIndex = 0; path = colorsTests.xctest; sourceTree = BUILT_PRODUCTS_DIR; };
		84B04ADE1A70C5F90094C96C /* Info.plist */ = {isa = PBXFileReference; lastKnownFileType = text.plist.xml; path = Info.plist; sourceTree = "<group>"; };
		84B04ADF1A70C5F90094C96C /* colorsTests.m */ = {isa = PBXFileReference; lastKnownFileType = sourcecode.c.objc; path = colorsTests.m; sourceTree = "<group>"; };
/* End PBXFileReference section */

/* Begin PBXFrameworksBuildPhase section */
		84B04ABD1A70C5F90094C96C /* Frameworks */ = {
			isa = PBXFrameworksBuildPhase;
			buildActionMask = 2147483647;
			files = (
			);
			runOnlyForDeploymentPostprocessing = 0;
		};
		84B04AD61A70C5F90094C96C /* Frameworks */ = {
			isa = PBXFrameworksBuildPhase;
			buildActionMask = 2147483647;
			files = (
			);
			runOnlyForDeploymentPostprocessing = 0;
		};
/* End PBXFrameworksBuildPhase section */

/* Begin PBXGroup section */
		84B04AB71A70C5F90094C96C = {
			isa = PBXGroup;
			children = (
				84B04AC21A70C5F90094C96C /* colors */,
				84B04ADC1A70C5F90094C96C /* colorsTests */,
				84B04AC11A70C5F90094C96C /* Products */,
			);
			sourceTree = "<group>";
		};
		84B04AC11A70C5F90094C96C /* Products */ = {
			isa = PBXGroup;
			children = (
				84B04AC01A70C5F90094C96C /* colors.app */,
				84B04AD91A70C5F90094C96C /* colorsTests.xctest */,
			);
			name = Products;
			sourceTree = "<group>";
		};
		84B04AC21A70C5F90094C96C /* colors */ = {
			isa = PBXGroup;
			children = (
				84B04AC71A70C5F90094C96C /* AppDelegate.h */,
				84B04AC81A70C5F90094C96C /* AppDelegate.m */,
				84B04ACA1A70C5F90094C96C /* ViewController.h */,
				84B04ACB1A70C5F90094C96C /* ViewController.m */,
				84B04ACD1A70C5F90094C96C /* Main.storyboard */,
				84B04AD01A70C5F90094C96C /* Images.xcassets */,
				84B04AD21A70C5F90094C96C /* LaunchScreen.xib */,
				84B04AC31A70C5F90094C96C /* Supporting Files */,
			);
			path = colors;
			sourceTree = "<group>";
		};
		84B04AC31A70C5F90094C96C /* Supporting Files */ = {
			isa = PBXGroup;
			children = (
				84B04AC41A70C5F90094C96C /* Info.plist */,
				84B04AC51A70C5F90094C96C /* main.m */,
			);
			name = "Supporting Files";
			sourceTree = "<group>";
		};
		84B04ADC1A70C5F90094C96C /* colorsTests */ = {
			isa = PBXGroup;
			children = (
				84B04ADF1A70C5F90094C96C /* colorsTests.m */,
				84B04ADD1A70C5F90094C96C /* Supporting Files */,
			);
			path = colorsTests;
			sourceTree = "<group>";
		};
		84B04ADD1A70C5F90094C96C /* Supporting Files */ = {
			isa = PBXGroup;
			children = (
				84B04ADE1A70C5F90094C96C /* Info.plist */,
			);
			name = "Supporting Files";
			sourceTree = "<group>";
		};
/* End PBXGroup section */

/* Begin PBXNativeTarget section */
		84B04ABF1A70C5F90094C96C /* colors */ = {
			isa = PBXNativeTarget;
			buildConfigurationList = 84B04AE31A70C5F90094C96C /* Build configuration list for PBXNativeTarget "colors" */;
			buildPhases = (
				84B04ABC1A70C5F90094C96C /* Sources */,
				84B04ABD1A70C5F90094C96C /* Frameworks */,
				84B04ABE1A70C5F90094C96C /* Resources */,
			);
			buildRules = (
			);
			dependencies = (
			);
			name = colors;
			productName = colors;
			productReference = 84B04AC01A70C5F90094C96C /* colors.app */;
			productType = "com.apple.product-type.application";
		};
		84B04AD81A70C5F90094C96C /* colorsTests */ = {
			isa = PBXNativeTarget;
			buildConfigurationList = 84B04AE61A70C5F90094C96C /* Build configuration list for PBXNativeTarget "colorsTests" */;
			buildPhases = (
				84B04AD51A70C5F90094C96C /* Sources */,
				84B04AD61A70C5F90094C96C /* Frameworks */,
				84B04AD71A70C5F90094C96C /* Resources */,
			);
			buildRules = (
			);
			dependencies = (
				84B04ADB1A70C5F90094C96C /* PBXTargetDependency */,
			);
			name = colorsTests;
			productName = colorsTests;
			productReference = 84B04AD91A70C5F90094C96C /* colorsTests.xctest */;
			productType = "com.apple.product-type.bundle.unit-test";
		};
/* End PBXNativeTarget section */

/* Begin PBXProject section */
		84B04AB81A70C5F90094C96C /* Project object */ = {
			isa = PBXProject;
			attributes = {
				LastUpgradeCheck = 0610;
				ORGANIZATIONNAME = Admin;
				TargetAttributes = {
					84B04ABF1A70C5F90094C96C = {
						CreatedOnToolsVersion = 6.1;
					};
					84B04AD81A70C5F90094C96C = {
						CreatedOnToolsVersion = 6.1;
						TestTargetID = 84B04ABF1A70C5F90094C96C;
					};
				};
			};
			buildConfigurationList = 84B04ABB1A70C5F90094C96C /* Build configuration list for PBXProject "colors" */;
			compatibilityVersion = "Xcode 3.2";
			developmentRegion = English;
			hasScannedForEncodings = 0;
			knownRegions = (
				en,
				Base,
			);
			mainGroup = 84B04AB71A70C5F90094C96C;
			productRefGroup = 84B04AC11A70C5F90094C96C /* Products */;
			projectDirPath = "";
			projectRoot = "";
			targets = (
				84B04ABF1A70C5F90094C96C /* colors */,
				84B04AD81A70C5F90094C96C /* colorsTests */,
			);
		};
/* End PBXProject section */

/* Begin PBXResourcesBuildPhase section */
		84B04ABE1A70C5F90094C96C /* Resources */ = {
			isa = PBXResourcesBuildPhase;
			buildActionMask = 2147483647;
			files = (
				84B04ACF1A70C5F90094C96C /* Main.storyboard in Resources */,
				84B04AD41A70C5F90094C96C /* LaunchScreen.xib in Resources */,
				84B04AD11A70C5F90094C96C /* Images.xcassets in Resources */,
			);
			runOnlyForDeploymentPostprocessing = 0;
		};
		84B04AD71A70C5F90094C96C /* Resources */ = {
			isa = PBXResourcesBuildPhase;
			buildActionMask = 2147483647;
			files = (
			);
			runOnlyForDeploymentPostprocessing = 0;
		};
/* End PBXResourcesBuildPhase section */

/* Begin PBXSourcesBuildPhase section */
		84B04ABC1A70C5F90094C96C /* Sources */ = {
			isa = PBXSourcesBuildPhase;
			buildActionMask = 2147483647;
			files = (
				84B04ACC1A70C5F90094C96C /* ViewController.m in Sources */,
				84B04AC91A70C5F90094C96C /* AppDelegate.m in Sources */,
				84B04AC61A70C5F90094C96C /* main.m in Sources */,
			);
			runOnlyForDeploymentPostprocessing = 0;
		};
		84B04AD51A70C5F90094C96C /* Sources */ = {
			isa = PBXSourcesBuildPhase;
			buildActionMask = 2147483647;
			files = (
				84B04AE01A70C5F90094C96C /* colorsTests.m in Sources */,
			);
			runOnlyForDeploymentPostprocessing = 0;
		};
/* End PBXSourcesBuildPhase section */

/* Begin PBXTargetDependency section */
		84B04ADB1A70C5F90094C96C /* PBXTargetDependency */ = {
			isa = PBXTargetDependency;
			target = 84B04ABF1A70C5F90094C96C /* colors */;
			targetProxy = 84B04ADA1A70C5F90094C96C /* PBXContainerItemProxy */;
		};
/* End PBXTargetDependency section */

/* Begin PBXVariantGroup section */
		84B04ACD1A70C5F90094C96C /* Main.storyboard */ = {
			isa = PBXVariantGroup;
			children = (
				84B04ACE1A70C5F90094C96C /* Base */,
			);
			name = Main.storyboard;
			sourceTree = "<group>";
		};
		84B04AD21A70C5F90094C96C /* LaunchScreen.xib */ = {
			isa = PBXVariantGroup;
			children = (
				84B04AD31A70C5F90094C96C /* Base */,
			);
			name = LaunchScreen.xib;
			sourceTree = "<group>";
		};
/* End PBXVariantGroup section */

/* Begin XCBuildConfiguration section */
		84B04AE11A70C5F90094C96C /* Debug */ = {
			isa = XCBuildConfiguration;
			buildSettings = {
				ALWAYS_SEARCH_USER_PATHS = NO;
				CLANG_CXX_LANGUAGE_STANDARD = "gnu++0x";
				CLANG_CXX_LIBRARY = "libc++";
				CLANG_ENABLE_MODULES = YES;
				CLANG_ENABLE_OBJC_ARC = YES;
				CLANG_WARN_BOOL_CONVERSION = YES;
				CLANG_WARN_CONSTANT_CONVERSION = YES;
				CLANG_WARN_DIRECT_OBJC_ISA_USAGE = YES_ERROR;
				CLANG_WARN_EMPTY_BODY = YES;
				CLANG_WARN_ENUM_CONVERSION = YES;
				CLANG_WARN_INT_CONVERSION = YES;
				CLANG_WARN_OBJC_ROOT_CLASS = YES_ERROR;
				CLANG_WARN_UNREACHABLE_CODE = YES;
				CLANG_WARN__DUPLICATE_METHOD_MATCH = YES;
				"CODE_SIGN_IDENTITY[sdk=iphoneos*]" = "iPhone Developer";
				COPY_PHASE_STRIP = NO;
				ENABLE_STRICT_OBJC_MSGSEND = YES;
				GCC_C_LANGUAGE_STANDARD = gnu99;
				GCC_DYNAMIC_NO_PIC = NO;
				GCC_OPTIMIZATION_LEVEL = 0;
				GCC_PREPROCESSOR_DEFINITIONS = (
					"DEBUG=1",
					"$(inherited)",
				);
				GCC_SYMBOLS_PRIVATE_EXTERN = NO;
				GCC_WARN_64_TO_32_BIT_CONVERSION = YES;
				GCC_WARN_ABOUT_RETURN_TYPE = YES_ERROR;
				GCC_WARN_UNDECLARED_SELECTOR = YES;
				GCC_WARN_UNINITIALIZED_AUTOS = YES_AGGRESSIVE;
				GCC_WARN_UNUSED_FUNCTION = YES;
				GCC_WARN_UNUSED_VARIABLE = YES;
				IPHONEOS_DEPLOYMENT_TARGET = 8.1;
				MTL_ENABLE_DEBUG_INFO = YES;
				ONLY_ACTIVE_ARCH = YES;
				SDKROOT = iphoneos;
			};
			name = Debug;
		};
		84B04AE21A70C5F90094C96C /* Release */ = {
			isa = XCBuildConfiguration;
			buildSettings = {
				ALWAYS_SEARCH_USER_PATHS = NO;
				CLANG_CXX_LANGUAGE_STANDARD = "gnu++0x";
				CLANG_CXX_LIBRARY = "libc++";
				CLANG_ENABLE_MODULES = YES;
				CLANG_ENABLE_OBJC_ARC = YES;
				CLANG_WARN_BOOL_CONVERSION = YES;
				CLANG_WARN_CONSTANT_CONVERSION = YES;
				CLANG_WARN_DIRECT_OBJC_ISA_USAGE = YES_ERROR;
				CLANG_WARN_EMPTY_BODY = YES;
				CLANG_WARN_ENUM_CONVERSION = YES;
				CLANG_WARN_INT_CONVERSION = YES;
				CLANG_WARN_OBJC_ROOT_CLASS = YES_ERROR;
				CLANG_WARN_UNREACHABLE_CODE = YES;
				CLANG_WARN__DUPLICATE_METHOD_MATCH = YES;
				"CODE_SIGN_IDENTITY[sdk=iphoneos*]" = "iPhone Developer";
				COPY_PHASE_STRIP = YES;
				ENABLE_NS_ASSERTIONS = NO;
				ENABLE_STRICT_OBJC_MSGSEND = YES;
				GCC_C_LANGUAGE_STANDARD = gnu99;
				GCC_WARN_64_TO_32_BIT_CONVERSION = YES;
				GCC_WARN_ABOUT_RETURN_TYPE = YES_ERROR;
				GCC_WARN_UNDECLARED_SELECTOR = YES;
				GCC_WARN_UNINITIALIZED_AUTOS = YES_AGGRESSIVE;
				GCC_WARN_UNUSED_FUNCTION = YES;
				GCC_WARN_UNUSED_VARIABLE = YES;
				IPHONEOS_DEPLOYMENT_TARGET = 8.1;
				MTL_ENABLE_DEBUG_INFO = NO;
				SDKROOT = iphoneos;
				VALIDATE_PRODUCT = YES;
			};
			name = Release;
		};
		84B04AE41A70C5F90094C96C /* Debug */ = {
			isa = XCBuildConfiguration;
			buildSettings = {
				ASSETCATALOG_COMPILER_APPICON_NAME = AppIcon;
				INFOPLIST_FILE = colors/Info.plist;
				LD_RUNPATH_SEARCH_PATHS = "$(inherited) @executable_path/Frameworks";
				PRODUCT_NAME = "$(TARGET_NAME)";
			};
			name = Debug;
		};
		84B04AE51A70C5F90094C96C /* Release */ = {
			isa = XCBuildConfiguration;
			buildSettings = {
				ASSETCATALOG_COMPILER_APPICON_NAME = AppIcon;
				INFOPLIST_FILE = colors/Info.plist;
				LD_RUNPATH_SEARCH_PATHS = "$(inherited) @executable_path/Frameworks";
				PRODUCT_NAME = "$(TARGET_NAME)";
			};
			name = Release;
		};
		84B04AE71A70C5F90094C96C /* Debug */ = {
			isa = XCBuildConfiguration;
			buildSettings = {
				BUNDLE_LOADER = "$(TEST_HOST)";
				FRAMEWORK_SEARCH_PATHS = (
					"$(SDKROOT)/Developer/Library/Frameworks",
					"$(inherited)",
				);
				GCC_PREPROCESSOR_DEFINITIONS = (
					"DEBUG=1",
					"$(inherited)",
				);
				INFOPLIST_FILE = colorsTests/Info.plist;
				LD_RUNPATH_SEARCH_PATHS = "$(inherited) @executable_path/Frameworks @loader_path/Frameworks";
				PRODUCT_NAME = "$(TARGET_NAME)";
				TEST_HOST = "$(BUILT_PRODUCTS_DIR)/colors.app/colors";
			};
			name = Debug;
		};
		84B04AE81A70C5F90094C96C /* Release */ = {
			isa = XCBuildConfiguration;
			buildSettings = {
				BUNDLE_LOADER = "$(TEST_HOST)";
				FRAMEWORK_SEARCH_PATHS = (
					"$(SDKROOT)/Developer/Library/Frameworks",
					"$(inherited)",
				);
				INFOPLIST_FILE = colorsTests/Info.plist;
				LD_RUNPATH_SEARCH_PATHS = "$(inherited) @executable_path/Frameworks @loader_path/Frameworks";
				PRODUCT_NAME = "$(TARGET_NAME)";
				TEST_HOST = "$(BUILT_PRODUCTS_DIR)/colors.app/colors";
			};
			name = Release;
		};
/* End XCBuildConfiguration section */

/* Begin XCConfigurationList section */
		84B04ABB1A70C5F90094C96C /* Build configuration list for PBXProject "colors" */ = {
			isa = XCConfigurationList;
			buildConfigurations = (
				84B04AE11A70C5F90094C96C /* Debug */,
				84B04AE21A70C5F90094C96C /* Release */,
			);
			defaultConfigurationIsVisible = 0;
			defaultConfigurationName = Release;
		};
		84B04AE31A70C5F90094C96C /* Build configuration list for PBXNativeTarget "colors" */ = {
			isa = XCConfigurationList;
			buildConfigurations = (
				84B04AE41A70C5F90094C96C /* Debug */,
				84B04AE51A70C5F90094C96C /* Release */,
			);
			defaultConfigurationIsVisible = 0;
		};
		84B04AE61A70C5F90094C96C /* Build configuration list for PBXNativeTarget "colorsTests" */ = {
			isa = XCConfigurationList;
			buildConfigurations = (
				84B04AE71A70C5F90094C96C /* Debug */,
				84B04AE81A70C5F90094C96C /* Release */,
			);
			defaultConfigurationIsVisible = 0;
		};
/* End XCConfigurationList section */
	};
	rootObject = 84B04AB81A70C5F90094C96C /* Project object */;
}
